
Microsoft Visual Studio Solution File, Format Version 12.00
# Visual Studio Version 16
VisualStudioVersion = 16.0.31005.135
MinimumVisualStudioVersion = 10.0.40219.1
Project("{FAE04EC0-301F-11D3-BF4B-00C04F79EFBC}") = "LinearProcessamentos", "ConfPDV\LinearProcessamentos.csproj", "{AEBA9CBA-C3C0-4236-AAEC-D86D8CC94F48}"
EndProject
Global
	GlobalSection(SolutionConfigurationPlatforms) = preSolution
		Debug|Any CPU = Debug|Any CPU
		Release|Any CPU = Release|Any CPU
	EndGlobalSection
	GlobalSection(ProjectConfigurationPlatforms) = postSolution
		{AEBA9CBA-C3C0-4236-AAEC-D86D8CC94F48}.Debug|Any CPU.ActiveCfg = Debug|Any CPU
		{AEBA9CBA-C3C0-4236-AAEC-D86D8CC94F48}.Debug|Any CPU.Build.0 = Debug|Any CPU
		{AEBA9CBA-C3C0-4236-AAEC-D86D8CC94F48}.Release|Any CPU.ActiveCfg = Release|Any CPU
		{AEBA9CBA-C3C0-4236-AAEC-D86D8CC94F48}.Release|Any CPU.Build.0 = Release|Any CPU
	EndGlobalSection
	GlobalSection(SolutionProperties) = preSolution
		HideSolutionNode = FALSE
	EndGlobalSection
	GlobalSection(ExtensibilityGlobals) = postSolution
		SolutionGuid = {8A1BCAC9-C2E5-49EF-8731-399E32C20C04}
	EndGlobalSection
EndGlobal
